
Microsoft Visual Studio Solution File, Format Version 12.00
# Visual Studio Version 17
VisualStudioVersion = 17.9.34723.18
MinimumVisualStudioVersion = 10.0.40219.1
Project("{9A19103F-16F7-4668-BE54-9A1E7A4F7556}") = "Gemini AI Api", "Gemini AI Api\Gemini AI Api.csproj", "{6D4DBFD9-400D-4A09-8311-28CD2D8C8172}"
EndProject
Project("{9A19103F-16F7-4668-BE54-9A1E7A4F7556}") = "GeminiApi Tests", "GeminiApi Tests\GeminiApi Tests.csproj", "{5D05DA4E-DB01-4DDC-99D5-258B60CBE557}"
EndProject
Global
	GlobalSection(SolutionConfigurationPlatforms) = preSolution
		Debug|Any CPU = Debug|Any CPU
		Release|Any CPU = Release|Any CPU
	EndGlobalSection
	GlobalSection(ProjectConfigurationPlatforms) = postSolution
		{6D4DBFD9-400D-4A09-8311-28CD2D8C8172}.Debug|Any CPU.ActiveCfg = Debug|Any CPU
		{6D4DBFD9-400D-4A09-8311-28CD2D8C8172}.Debug|Any CPU.Build.0 = Debug|Any CPU
		{6D4DBFD9-400D-4A09-8311-28CD2D8C8172}.Release|Any CPU.ActiveCfg = Release|Any CPU
		{6D4DBFD9-400D-4A09-8311-28CD2D8C8172}.Release|Any CPU.Build.0 = Release|Any CPU
		{5D05DA4E-DB01-4DDC-99D5-258B60CBE557}.Debug|Any CPU.ActiveCfg = Debug|Any CPU
		{5D05DA4E-DB01-4DDC-99D5-258B60CBE557}.Debug|Any CPU.Build.0 = Debug|Any CPU
		{5D05DA4E-DB01-4DDC-99D5-258B60CBE557}.Release|Any CPU.ActiveCfg = Release|Any CPU
		{5D05DA4E-DB01-4DDC-99D5-258B60CBE557}.Release|Any CPU.Build.0 = Release|Any CPU
	EndGlobalSection
	GlobalSection(SolutionProperties) = preSolution
		HideSolutionNode = FALSE
	EndGlobalSection
	GlobalSection(ExtensibilityGlobals) = postSolution
		SolutionGuid = {6DE4222D-2478-4257-B087-8B1AD8B86C6C}
	EndGlobalSection
EndGlobal
